
Microsoft Visual Studio Solution File, Format Version 12.00
# Visual Studio Version 17
VisualStudioVersion = 17.5.33530.505
MinimumVisualStudioVersion = 10.0.40219.1
Project("{FAE04EC0-301F-11D3-BF4B-00C04F79EFBC}") = "EditName V2", "EditName V2.csproj", "{FDEE7110-78D5-4ED8-B5F9-351BBFEDE13D}"
EndProject
Global
	GlobalSection(SolutionConfigurationPlatforms) = preSolution
		Debug|Any CPU = Debug|Any CPU
		Release|Any CPU = Release|Any CPU
	EndGlobalSection
	GlobalSection(ProjectConfigurationPlatforms) = postSolution
		{FDEE7110-78D5-4ED8-B5F9-351BBFEDE13D}.Debug|Any CPU.ActiveCfg = Debug|Any CPU
		{FDEE7110-78D5-4ED8-B5F9-351BBFEDE13D}.Debug|Any CPU.Build.0 = Debug|Any CPU
		{FDEE7110-78D5-4ED8-B5F9-351BBFEDE13D}.Release|Any CPU.ActiveCfg = Release|Any CPU
		{FDEE7110-78D5-4ED8-B5F9-351BBFEDE13D}.Release|Any CPU.Build.0 = Release|Any CPU
	EndGlobalSection
	GlobalSection(SolutionProperties) = preSolution
		HideSolutionNode = FALSE
	EndGlobalSection
	GlobalSection(ExtensibilityGlobals) = postSolution
		SolutionGuid = {C33C8556-6FAD-47E9-B34F-2E7D7ADAF3E5}
	EndGlobalSection
EndGlobal
